
Microsoft Visual Studio Solution File, Format Version 12.00
# Visual Studio 15
VisualStudioVersion = 15.0.28010.2026
MinimumVisualStudioVersion = 10.0.40219.1
Project("{FAE04EC0-301F-11D3-BF4B-00C04F79EFBC}") = "ProyectoEDD2", "ProyectoEDD2\ProyectoEDD2.csproj", "{2E63807B-2CCA-4FAE-BD31-87AA1F7F6BCE}"
EndProject
Global
	GlobalSection(SolutionConfigurationPlatforms) = preSolution
		Debug|Any CPU = Debug|Any CPU
		Release|Any CPU = Release|Any CPU
	EndGlobalSection
	GlobalSection(ProjectConfigurationPlatforms) = postSolution
		{2E63807B-2CCA-4FAE-BD31-87AA1F7F6BCE}.Debug|Any CPU.ActiveCfg = Debug|Any CPU
		{2E63807B-2CCA-4FAE-BD31-87AA1F7F6BCE}.Debug|Any CPU.Build.0 = Debug|Any CPU
		{2E63807B-2CCA-4FAE-BD31-87AA1F7F6BCE}.Release|Any CPU.ActiveCfg = Release|Any CPU
		{2E63807B-2CCA-4FAE-BD31-87AA1F7F6BCE}.Release|Any CPU.Build.0 = Release|Any CPU
	EndGlobalSection
	GlobalSection(SolutionProperties) = preSolution
		HideSolutionNode = FALSE
	EndGlobalSection
	GlobalSection(ExtensibilityGlobals) = postSolution
		SolutionGuid = {D65C693F-FE4F-42CB-B69B-1CDB0B2C3498}
	EndGlobalSection
EndGlobal
